
Microsoft Visual Studio Solution File, Format Version 9.00
# Visual Studio 2005
Project("{8BC9CEB8-8B4A-11D0-8D11-00A0C91BC942}") = "q3ce-1.1", "q3ce-1.1.vcproj", "{ED3E305C-AED4-4931-87FC-D52C0B7288E4}"
	ProjectSection(ProjectDependencies) = postProject
		{BD74CB17-B7C9-4E36-AC98-B339B4E5DDB6} = {BD74CB17-B7C9-4E36-AC98-B339B4E5DDB6}
		{A34845D3-AB36-4D57-A3DF-210AEFD211D8} = {A34845D3-AB36-4D57-A3DF-210AEFD211D8}
	EndProjectSection
EndProject
Project("{8BC9CEB8-8B4A-11D0-8D11-00A0C91BC942}") = "vidplay-1.1", "vidplay-1.1.vcproj", "{A34845D3-AB36-4D57-A3DF-210AEFD211D8}"
EndProject
Project("{8BC9CEB8-8B4A-11D0-8D11-00A0C91BC942}") = "fixed-1.1", "fixed-1.1.vcproj", "{BD74CB17-B7C9-4E36-AC98-B339B4E5DDB6}"
EndProject
Project("{8BC9CEB8-8B4A-11D0-8D11-00A0C91BC942}") = "cgame-1.1", "cgame-1.1.vcproj", "{6C35DF10-1B0A-4362-8DEB-B9C3C7956757}"
	ProjectSection(ProjectDependencies) = postProject
		{BD74CB17-B7C9-4E36-AC98-B339B4E5DDB6} = {BD74CB17-B7C9-4E36-AC98-B339B4E5DDB6}
	EndProjectSection
EndProject
Project("{8BC9CEB8-8B4A-11D0-8D11-00A0C91BC942}") = "ui-1.1", "ui-1.1.vcproj", "{20838D81-D003-4E7B-AD03-7612BCD8838A}"
	ProjectSection(ProjectDependencies) = postProject
		{BD74CB17-B7C9-4E36-AC98-B339B4E5DDB6} = {BD74CB17-B7C9-4E36-AC98-B339B4E5DDB6}
	EndProjectSection
EndProject
Project("{8BC9CEB8-8B4A-11D0-8D11-00A0C91BC942}") = "game-1.1", "game-1.1.vcproj", "{0F41B469-05A7-4C7B-834A-8A6D81EB90A5}"
	ProjectSection(ProjectDependencies) = postProject
		{BD74CB17-B7C9-4E36-AC98-B339B4E5DDB6} = {BD74CB17-B7C9-4E36-AC98-B339B4E5DDB6}
	EndProjectSection
EndProject
Global
	GlobalSection(SolutionConfigurationPlatforms) = preSolution
		Debug|Pocket PC 2003 (ARMV4) = Debug|Pocket PC 2003 (ARMV4)
		Debug|Smartphone 2003 (ARMV4) = Debug|Smartphone 2003 (ARMV4)
		Debug-1.1-Fixed|Pocket PC 2003 (ARMV4) = Debug-1.1-Fixed|Pocket PC 2003 (ARMV4)
		Debug-1.1-Fixed|Smartphone 2003 (ARMV4) = Debug-1.1-Fixed|Smartphone 2003 (ARMV4)
		Debug-1.1-Fixed-2700G|Pocket PC 2003 (ARMV4) = Debug-1.1-Fixed-2700G|Pocket PC 2003 (ARMV4)
		Debug-1.1-Fixed-2700G|Smartphone 2003 (ARMV4) = Debug-1.1-Fixed-2700G|Smartphone 2003 (ARMV4)
		Debug-1.1-Float|Pocket PC 2003 (ARMV4) = Debug-1.1-Float|Pocket PC 2003 (ARMV4)
		Debug-1.1-Float|Smartphone 2003 (ARMV4) = Debug-1.1-Float|Smartphone 2003 (ARMV4)
		PXA255|Pocket PC 2003 (ARMV4) = PXA255|Pocket PC 2003 (ARMV4)
		PXA255|Smartphone 2003 (ARMV4) = PXA255|Smartphone 2003 (ARMV4)
		PXA270|Pocket PC 2003 (ARMV4) = PXA270|Pocket PC 2003 (ARMV4)
		PXA270|Smartphone 2003 (ARMV4) = PXA270|Smartphone 2003 (ARMV4)
		Release|Pocket PC 2003 (ARMV4) = Release|Pocket PC 2003 (ARMV4)
		Release|Smartphone 2003 (ARMV4) = Release|Smartphone 2003 (ARMV4)
		Release-1.1-Fixed|Pocket PC 2003 (ARMV4) = Release-1.1-Fixed|Pocket PC 2003 (ARMV4)
		Release-1.1-Fixed|Smartphone 2003 (ARMV4) = Release-1.1-Fixed|Smartphone 2003 (ARMV4)
		Release-1.1-Fixed-2700G|Pocket PC 2003 (ARMV4) = Release-1.1-Fixed-2700G|Pocket PC 2003 (ARMV4)
		Release-1.1-Fixed-2700G|Smartphone 2003 (ARMV4) = Release-1.1-Fixed-2700G|Smartphone 2003 (ARMV4)
		Release-1.1-Fixed-Profile|Pocket PC 2003 (ARMV4) = Release-1.1-Fixed-Profile|Pocket PC 2003 (ARMV4)
		Release-1.1-Fixed-Profile|Smartphone 2003 (ARMV4) = Release-1.1-Fixed-Profile|Smartphone 2003 (ARMV4)
		Release-1.1-Float|Pocket PC 2003 (ARMV4) = Release-1.1-Float|Pocket PC 2003 (ARMV4)
		Release-1.1-Float|Smartphone 2003 (ARMV4) = Release-1.1-Float|Smartphone 2003 (ARMV4)
	EndGlobalSection
	GlobalSection(ProjectConfigurationPlatforms) = postSolution
		{ED3E305C-AED4-4931-87FC-D52C0B7288E4}.Debug|Pocket PC 2003 (ARMV4).ActiveCfg = Debug-1.1-Fixed-2700G|Pocket PC 2003 (ARMV4)
		{ED3E305C-AED4-4931-87FC-D52C0B7288E4}.Debug|Pocket PC 2003 (ARMV4).Build.0 = Debug-1.1-Fixed-2700G|Pocket PC 2003 (ARMV4)
		{ED3E305C-AED4-4931-87FC-D52C0B7288E4}.Debug|Pocket PC 2003 (ARMV4).Deploy.0 = Debug-1.1-Fixed-2700G|Pocket PC 2003 (ARMV4)
		{ED3E305C-AED4-4931-87FC-D52C0B7288E4}.Debug|Smartphone 2003 (ARMV4).ActiveCfg = Debug-1.1-Fixed-2700G|Pocket PC 2003 (ARMV4)
		{ED3E305C-AED4-4931-87FC-D52C0B7288E4}.Debug-1.1-Fixed|Pocket PC 2003 (ARMV4).ActiveCfg = Debug-1.1-Fixed|Pocket PC 2003 (ARMV4)
		{ED3E305C-AED4-4931-87FC-D52C0B7288E4}.Debug-1.1-Fixed|Pocket PC 2003 (ARMV4).Build.0 = Debug-1.1-Fixed|Pocket PC 2003 (ARMV4)
		{ED3E305C-AED4-4931-87FC-D52C0B7288E4}.Debug-1.1-Fixed|Pocket PC 2003 (ARMV4).Deploy.0 = Debug-1.1-Fixed|Pocket PC 2003 (ARMV4)
		{ED3E305C-AED4-4931-87FC-D52C0B7288E4}.Debug-1.1-Fixed|Smartphone 2003 (ARMV4).ActiveCfg = Debug-1.1-Fixed|Pocket PC 2003 (ARMV4)
		{ED3E305C-AED4-4931-87FC-D52C0B7288E4}.Debug-1.1-Fixed-2700G|Pocket PC 2003 (ARMV4).ActiveCfg = Debug-1.1-Fixed-2700G|Pocket PC 2003 (ARMV4)
		{ED3E305C-AED4-4931-87FC-D52C0B7288E4}.Debug-1.1-Fixed-2700G|Pocket PC 2003 (ARMV4).Build.0 = Debug-1.1-Fixed-2700G|Pocket PC 2003 (ARMV4)
		{ED3E305C-AED4-4931-87FC-D52C0B7288E4}.Debug-1.1-Fixed-2700G|Pocket PC 2003 (ARMV4).Deploy.0 = Debug-1.1-Fixed-2700G|Pocket PC 2003 (ARMV4)
		{ED3E305C-AED4-4931-87FC-D52C0B7288E4}.Debug-1.1-Fixed-2700G|Smartphone 2003 (ARMV4).ActiveCfg = Debug-1.1-Fixed-2700G|Pocket PC 2003 (ARMV4)
		{ED3E305C-AED4-4931-87FC-D52C0B7288E4}.Debug-1.1-Float|Pocket PC 2003 (ARMV4).ActiveCfg = Debug-1.1-Float|Pocket PC 2003 (ARMV4)
		{ED3E305C-AED4-4931-87FC-D52C0B7288E4}.Debug-1.1-Float|Pocket PC 2003 (ARMV4).Build.0 = Debug-1.1-Float|Pocket PC 2003 (ARMV4)
		{ED3E305C-AED4-4931-87FC-D52C0B7288E4}.Debug-1.1-Float|Pocket PC 2003 (ARMV4).Deploy.0 = Debug-1.1-Float|Pocket PC 2003 (ARMV4)
		{ED3E305C-AED4-4931-87FC-D52C0B7288E4}.Debug-1.1-Float|Smartphone 2003 (ARMV4).ActiveCfg = Debug-1.1-Float|Pocket PC 2003 (ARMV4)
		{ED3E305C-AED4-4931-87FC-D52C0B7288E4}.PXA255|Pocket PC 2003 (ARMV4).ActiveCfg = Release-1.1-Fixed-2700G|Pocket PC 2003 (ARMV4)
		{ED3E305C-AED4-4931-87FC-D52C0B7288E4}.PXA255|Pocket PC 2003 (ARMV4).Build.0 = Release-1.1-Fixed-2700G|Pocket PC 2003 (ARMV4)
		{ED3E305C-AED4-4931-87FC-D52C0B7288E4}.PXA255|Pocket PC 2003 (ARMV4).Deploy.0 = Release-1.1-Fixed-2700G|Pocket PC 2003 (ARMV4)
		{ED3E305C-AED4-4931-87FC-D52C0B7288E4}.PXA255|Smartphone 2003 (ARMV4).ActiveCfg = Release-1.1-Fixed-2700G|Pocket PC 2003 (ARMV4)
		{ED3E305C-AED4-4931-87FC-D52C0B7288E4}.PXA270|Pocket PC 2003 (ARMV4).ActiveCfg = Release-1.1-Fixed-2700G|Pocket PC 2003 (ARMV4)
		{ED3E305C-AED4-4931-87FC-D52C0B7288E4}.PXA270|Pocket PC 2003 (ARMV4).Build.0 = Release-1.1-Fixed-2700G|Pocket PC 2003 (ARMV4)
		{ED3E305C-AED4-4931-87FC-D52C0B7288E4}.PXA270|Pocket PC 2003 (ARMV4).Deploy.0 = Release-1.1-Fixed-2700G|Pocket PC 2003 (ARMV4)
		{ED3E305C-AED4-4931-87FC-D52C0B7288E4}.PXA270|Smartphone 2003 (ARMV4).ActiveCfg = Release-1.1-Fixed-2700G|Pocket PC 2003 (ARMV4)
		{ED3E305C-AED4-4931-87FC-D52C0B7288E4}.Release|Pocket PC 2003 (ARMV4).ActiveCfg = Release-1.1-Fixed-2700G|Pocket PC 2003 (ARMV4)
		{ED3E305C-AED4-4931-87FC-D52C0B7288E4}.Release|Pocket PC 2003 (ARMV4).Build.0 = Release-1.1-Fixed-2700G|Pocket PC 2003 (ARMV4)
		{ED3E305C-AED4-4931-87FC-D52C0B7288E4}.Release|Pocket PC 2003 (ARMV4).Deploy.0 = Release-1.1-Fixed-2700G|Pocket PC 2003 (ARMV4)
		{ED3E305C-AED4-4931-87FC-D52C0B7288E4}.Release|Smartphone 2003 (ARMV4).ActiveCfg = Release-1.1-Fixed-2700G|Pocket PC 2003 (ARMV4)
		{ED3E305C-AED4-4931-87FC-D52C0B7288E4}.Release-1.1-Fixed|Pocket PC 2003 (ARMV4).ActiveCfg = Release-1.1-Fixed|Pocket PC 2003 (ARMV4)
		{ED3E305C-AED4-4931-87FC-D52C0B7288E4}.Release-1.1-Fixed|Pocket PC 2003 (ARMV4).Build.0 = Release-1.1-Fixed|Pocket PC 2003 (ARMV4)
		{ED3E305C-AED4-4931-87FC-D52C0B7288E4}.Release-1.1-Fixed|Pocket PC 2003 (ARMV4).Deploy.0 = Release-1.1-Fixed|Pocket PC 2003 (ARMV4)
		{ED3E305C-AED4-4931-87FC-D52C0B7288E4}.Release-1.1-Fixed|Smartphone 2003 (ARMV4).ActiveCfg = Release-1.1-Fixed|Pocket PC 2003 (ARMV4)
		{ED3E305C-AED4-4931-87FC-D52C0B7288E4}.Release-1.1-Fixed-2700G|Pocket PC 2003 (ARMV4).ActiveCfg = Release-1.1-Fixed-2700G|Pocket PC 2003 (ARMV4)
		{ED3E305C-AED4-4931-87FC-D52C0B7288E4}.Release-1.1-Fixed-2700G|Pocket PC 2003 (ARMV4).Build.0 = Release-1.1-Fixed-2700G|Pocket PC 2003 (ARMV4)
		{ED3E305C-AED4-4931-87FC-D52C0B7288E4}.Release-1.1-Fixed-2700G|Pocket PC 2003 (ARMV4).Deploy.0 = Release-1.1-Fixed-2700G|Pocket PC 2003 (ARMV4)
		{ED3E305C-AED4-4931-87FC-D52C0B7288E4}.Release-1.1-Fixed-2700G|Smartphone 2003 (ARMV4).ActiveCfg = Release-1.1-Fixed-2700G|Pocket PC 2003 (ARMV4)
		{ED3E305C-AED4-4931-87FC-D52C0B7288E4}.Release-1.1-Fixed-Profile|Pocket PC 2003 (ARMV4).ActiveCfg = Release-1.1-Fixed-Profile|Pocket PC 2003 (ARMV4)
		{ED3E305C-AED4-4931-87FC-D52C0B7288E4}.Release-1.1-Fixed-Profile|Pocket PC 2003 (ARMV4).Build.0 = Release-1.1-Fixed-Profile|Pocket PC 2003 (ARMV4)
		{ED3E305C-AED4-4931-87FC-D52C0B7288E4}.Release-1.1-Fixed-Profile|Pocket PC 2003 (ARMV4).Deploy.0 = Release-1.1-Fixed-Profile|Pocket PC 2003 (ARMV4)
		{ED3E305C-AED4-4931-87FC-D52C0B7288E4}.Release-1.1-Fixed-Profile|Smartphone 2003 (ARMV4).ActiveCfg = Release-1.1-Fixed-Profile|Pocket PC 2003 (ARMV4)
		{ED3E305C-AED4-4931-87FC-D52C0B7288E4}.Release-1.1-Float|Pocket PC 2003 (ARMV4).ActiveCfg = Release-1.1-Float|Pocket PC 2003 (ARMV4)
		{ED3E305C-AED4-4931-87FC-D52C0B7288E4}.Release-1.1-Float|Pocket PC 2003 (ARMV4).Build.0 = Release-1.1-Float|Pocket PC 2003 (ARMV4)
		{ED3E305C-AED4-4931-87FC-D52C0B7288E4}.Release-1.1-Float|Pocket PC 2003 (ARMV4).Deploy.0 = Release-1.1-Float|Pocket PC 2003 (ARMV4)
		{ED3E305C-AED4-4931-87FC-D52C0B7288E4}.Release-1.1-Float|Smartphone 2003 (ARMV4).ActiveCfg = Release-1.1-Float|Pocket PC 2003 (ARMV4)
		{A34845D3-AB36-4D57-A3DF-210AEFD211D8}.Debug|Pocket PC 2003 (ARMV4).ActiveCfg = Debug-1.1-Fixed-2700G|Pocket PC 2003 (ARMV4)
		{A34845D3-AB36-4D57-A3DF-210AEFD211D8}.Debug|Pocket PC 2003 (ARMV4).Build.0 = Debug-1.1-Fixed-2700G|Pocket PC 2003 (ARMV4)
		{A34845D3-AB36-4D57-A3DF-210AEFD211D8}.Debug|Pocket PC 2003 (ARMV4).Deploy.0 = Debug-1.1-Fixed-2700G|Pocket PC 2003 (ARMV4)
		{A34845D3-AB36-4D57-A3DF-210AEFD211D8}.Debug|Smartphone 2003 (ARMV4).ActiveCfg = Debug-1.1-Fixed-2700G|Pocket PC 2003 (ARMV4)
		{A34845D3-AB36-4D57-A3DF-210AEFD211D8}.Debug-1.1-Fixed|Pocket PC 2003 (ARMV4).ActiveCfg = Debug-1.1-Fixed|Pocket PC 2003 (ARMV4)
		{A34845D3-AB36-4D57-A3DF-210AEFD211D8}.Debug-1.1-Fixed|Pocket PC 2003 (ARMV4).Build.0 = Debug-1.1-Fixed|Pocket PC 2003 (ARMV4)
		{A34845D3-AB36-4D57-A3DF-210AEFD211D8}.Debug-1.1-Fixed|Smartphone 2003 (ARMV4).ActiveCfg = Debug-1.1-Fixed|Pocket PC 2003 (ARMV4)
		{A34845D3-AB36-4D57-A3DF-210AEFD211D8}.Debug-1.1-Fixed-2700G|Pocket PC 2003 (ARMV4).ActiveCfg = Debug-1.1-Fixed-2700G|Pocket PC 2003 (ARMV4)
		{A34845D3-AB36-4D57-A3DF-210AEFD211D8}.Debug-1.1-Fixed-2700G|Pocket PC 2003 (ARMV4).Build.0 = Debug-1.1-Fixed-2700G|Pocket PC 2003 (ARMV4)
		{A34845D3-AB36-4D57-A3DF-210AEFD211D8}.Debug-1.1-Fixed-2700G|Smartphone 2003 (ARMV4).ActiveCfg = Debug-1.1-Fixed-2700G|Pocket PC 2003 (ARMV4)
		{A34845D3-AB36-4D57-A3DF-210AEFD211D8}.Debug-1.1-Float|Pocket PC 2003 (ARMV4).ActiveCfg = Debug-1.1-Float|Pocket PC 2003 (ARMV4)
		{A34845D3-AB36-4D57-A3DF-210AEFD211D8}.Debug-1.1-Float|Pocket PC 2003 (ARMV4).Build.0 = Debug-1.1-Float|Pocket PC 2003 (ARMV4)
		{A34845D3-AB36-4D57-A3DF-210AEFD211D8}.Debug-1.1-Float|Smartphone 2003 (ARMV4).ActiveCfg = Debug-1.1-Float|Pocket PC 2003 (ARMV4)
		{A34845D3-AB36-4D57-A3DF-210AEFD211D8}.PXA255|Pocket PC 2003 (ARMV4).ActiveCfg = Release-1.1-Fixed-2700G|Pocket PC 2003 (ARMV4)
		{A34845D3-AB36-4D57-A3DF-210AEFD211D8}.PXA255|Pocket PC 2003 (ARMV4).Build.0 = Release-1.1-Fixed-2700G|Pocket PC 2003 (ARMV4)
		{A34845D3-AB36-4D57-A3DF-210AEFD211D8}.PXA255|Pocket PC 2003 (ARMV4).Deploy.0 = Release-1.1-Fixed-2700G|Pocket PC 2003 (ARMV4)
		{A34845D3-AB36-4D57-A3DF-210AEFD211D8}.PXA255|Smartphone 2003 (ARMV4).ActiveCfg = Release-1.1-Fixed-2700G|Pocket PC 2003 (ARMV4)
		{A34845D3-AB36-4D57-A3DF-210AEFD211D8}.PXA270|Pocket PC 2003 (ARMV4).ActiveCfg = Release-1.1-Fixed-2700G|Pocket PC 2003 (ARMV4)
		{A34845D3-AB36-4D57-A3DF-210AEFD211D8}.PXA270|Pocket PC 2003 (ARMV4).Build.0 = Release-1.1-Fixed-2700G|Pocket PC 2003 (ARMV4)
		{A34845D3-AB36-4D57-A3DF-210AEFD211D8}.PXA270|Pocket PC 2003 (ARMV4).Deploy.0 = Release-1.1-Fixed-2700G|Pocket PC 2003 (ARMV4)
		{A34845D3-AB36-4D57-A3DF-210AEFD211D8}.PXA270|Smartphone 2003 (ARMV4).ActiveCfg = Release-1.1-Fixed-2700G|Pocket PC 2003 (ARMV4)
		{A34845D3-AB36-4D57-A3DF-210AEFD211D8}.Release|Pocket PC 2003 (ARMV4).ActiveCfg = Release-1.1-Fixed-2700G|Pocket PC 2003 (ARMV4)
		{A34845D3-AB36-4D57-A3DF-210AEFD211D8}.Release|Pocket PC 2003 (ARMV4).Build.0 = Release-1.1-Fixed-2700G|Pocket PC 2003 (ARMV4)
		{A34845D3-AB36-4D57-A3DF-210AEFD211D8}.Release|Pocket PC 2003 (ARMV4).Deploy.0 = Release-1.1-Fixed-2700G|Pocket PC 2003 (ARMV4)
		{A34845D3-AB36-4D57-A3DF-210AEFD211D8}.Release|Smartphone 2003 (ARMV4).ActiveCfg = Release-1.1-Fixed-2700G|Pocket PC 2003 (ARMV4)
		{A34845D3-AB36-4D57-A3DF-210AEFD211D8}.Release-1.1-Fixed|Pocket PC 2003 (ARMV4).ActiveCfg = Release-1.1-Fixed|Pocket PC 2003 (ARMV4)
		{A34845D3-AB36-4D57-A3DF-210AEFD211D8}.Release-1.1-Fixed|Pocket PC 2003 (ARMV4).Build.0 = Release-1.1-Fixed|Pocket PC 2003 (ARMV4)
		{A34845D3-AB36-4D57-A3DF-210AEFD211D8}.Release-1.1-Fixed|Smartphone 2003 (ARMV4).ActiveCfg = Release-1.1-Fixed|Pocket PC 2003 (ARMV4)
		{A34845D3-AB36-4D57-A3DF-210AEFD211D8}.Release-1.1-Fixed-2700G|Pocket PC 2003 (ARMV4).ActiveCfg = Release-1.1-Fixed-2700G|Pocket PC 2003 (ARMV4)
		{A34845D3-AB36-4D57-A3DF-210AEFD211D8}.Release-1.1-Fixed-2700G|Pocket PC 2003 (ARMV4).Build.0 = Release-1.1-Fixed-2700G|Pocket PC 2003 (ARMV4)
		{A34845D3-AB36-4D57-A3DF-210AEFD211D8}.Release-1.1-Fixed-2700G|Smartphone 2003 (ARMV4).ActiveCfg = Release-1.1-Fixed-2700G|Pocket PC 2003 (ARMV4)
		{A34845D3-AB36-4D57-A3DF-210AEFD211D8}.Release-1.1-Fixed-Profile|Pocket PC 2003 (ARMV4).ActiveCfg = Release-1.1-Fixed-Profile|Pocket PC 2003 (ARMV4)
		{A34845D3-AB36-4D57-A3DF-210AEFD211D8}.Release-1.1-Fixed-Profile|Pocket PC 2003 (ARMV4).Build.0 = Release-1.1-Fixed-Profile|Pocket PC 2003 (ARMV4)
		{A34845D3-AB36-4D57-A3DF-210AEFD211D8}.Release-1.1-Fixed-Profile|Smartphone 2003 (ARMV4).ActiveCfg = Release-1.1-Fixed-Profile|Pocket PC 2003 (ARMV4)
		{A34845D3-AB36-4D57-A3DF-210AEFD211D8}.Release-1.1-Float|Pocket PC 2003 (ARMV4).ActiveCfg = Release-1.1-Float|Pocket PC 2003 (ARMV4)
		{A34845D3-AB36-4D57-A3DF-210AEFD211D8}.Release-1.1-Float|Pocket PC 2003 (ARMV4).Build.0 = Release-1.1-Float|Pocket PC 2003 (ARMV4)
		{A34845D3-AB36-4D57-A3DF-210AEFD211D8}.Release-1.1-Float|Smartphone 2003 (ARMV4).ActiveCfg = Release-1.1-Float|Pocket PC 2003 (ARMV4)
		{BD74CB17-B7C9-4E36-AC98-B339B4E5DDB6}.Debug|Pocket PC 2003 (ARMV4).ActiveCfg = Debug-1.1-Float|Pocket PC 2003 (ARMV4)
		{BD74CB17-B7C9-4E36-AC98-B339B4E5DDB6}.Debug|Pocket PC 2003 (ARMV4).Build.0 = Debug-1.1-Float|Pocket PC 2003 (ARMV4)
		{BD74CB17-B7C9-4E36-AC98-B339B4E5DDB6}.Debug|Pocket PC 2003 (ARMV4).Deploy.0 = Debug-1.1-Float|Pocket PC 2003 (ARMV4)
		{BD74CB17-B7C9-4E36-AC98-B339B4E5DDB6}.Debug|Smartphone 2003 (ARMV4).ActiveCfg = Debug-1.1-Float|Pocket PC 2003 (ARMV4)
		{BD74CB17-B7C9-4E36-AC98-B339B4E5DDB6}.Debug-1.1-Fixed|Pocket PC 2003 (ARMV4).ActiveCfg = Debug-1.1-Fixed|Pocket PC 2003 (ARMV4)
		{BD74CB17-B7C9-4E36-AC98-B339B4E5DDB6}.Debug-1.1-Fixed|Pocket PC 2003 (ARMV4).Build.0 = Debug-1.1-Fixed|Pocket PC 2003 (ARMV4)
		{BD74CB17-B7C9-4E36-AC98-B339B4E5DDB6}.Debug-1.1-Fixed|Smartphone 2003 (ARMV4).ActiveCfg = Debug-1.1-Fixed|Pocket PC 2003 (ARMV4)
		{BD74CB17-B7C9-4E36-AC98-B339B4E5DDB6}.Debug-1.1-Fixed-2700G|Pocket PC 2003 (ARMV4).ActiveCfg = Debug-1.1-Fixed-2700G|Pocket PC 2003 (ARMV4)
		{BD74CB17-B7C9-4E36-AC98-B339B4E5DDB6}.Debug-1.1-Fixed-2700G|Pocket PC 2003 (ARMV4).Build.0 = Debug-1.1-Fixed-2700G|Pocket PC 2003 (ARMV4)
		{BD74CB17-B7C9-4E36-AC98-B339B4E5DDB6}.Debug-1.1-Fixed-2700G|Smartphone 2003 (ARMV4).ActiveCfg = Debug-1.1-Fixed-2700G|Pocket PC 2003 (ARMV4)
		{BD74CB17-B7C9-4E36-AC98-B339B4E5DDB6}.Debug-1.1-Float|Pocket PC 2003 (ARMV4).ActiveCfg = Debug-1.1-Float|Pocket PC 2003 (ARMV4)
		{BD74CB17-B7C9-4E36-AC98-B339B4E5DDB6}.Debug-1.1-Float|Pocket PC 2003 (ARMV4).Build.0 = Debug-1.1-Float|Pocket PC 2003 (ARMV4)
		{BD74CB17-B7C9-4E36-AC98-B339B4E5DDB6}.Debug-1.1-Float|Smartphone 2003 (ARMV4).ActiveCfg = Debug-1.1-Float|Pocket PC 2003 (ARMV4)
		{BD74CB17-B7C9-4E36-AC98-B339B4E5DDB6}.PXA255|Pocket PC 2003 (ARMV4).ActiveCfg = Debug-1.1-Float|Pocket PC 2003 (ARMV4)
		{BD74CB17-B7C9-4E36-AC98-B339B4E5DDB6}.PXA255|Pocket PC 2003 (ARMV4).Build.0 = Debug-1.1-Float|Pocket PC 2003 (ARMV4)
		{BD74CB17-B7C9-4E36-AC98-B339B4E5DDB6}.PXA255|Pocket PC 2003 (ARMV4).Deploy.0 = Debug-1.1-Float|Pocket PC 2003 (ARMV4)
		{BD74CB17-B7C9-4E36-AC98-B339B4E5DDB6}.PXA255|Smartphone 2003 (ARMV4).ActiveCfg = Debug-1.1-Float|Pocket PC 2003 (ARMV4)
		{BD74CB17-B7C9-4E36-AC98-B339B4E5DDB6}.PXA270|Pocket PC 2003 (ARMV4).ActiveCfg = Debug-1.1-Float|Pocket PC 2003 (ARMV4)
		{BD74CB17-B7C9-4E36-AC98-B339B4E5DDB6}.PXA270|Pocket PC 2003 (ARMV4).Build.0 = Debug-1.1-Float|Pocket PC 2003 (ARMV4)
		{BD74CB17-B7C9-4E36-AC98-B339B4E5DDB6}.PXA270|Pocket PC 2003 (ARMV4).Deploy.0 = Debug-1.1-Float|Pocket PC 2003 (ARMV4)
		{BD74CB17-B7C9-4E36-AC98-B339B4E5DDB6}.PXA270|Smartphone 2003 (ARMV4).ActiveCfg = Debug-1.1-Float|Pocket PC 2003 (ARMV4)
		{BD74CB17-B7C9-4E36-AC98-B339B4E5DDB6}.Release|Pocket PC 2003 (ARMV4).ActiveCfg = Release-1.1-Fixed-2700G|Pocket PC 2003 (ARMV4)
		{BD74CB17-B7C9-4E36-AC98-B339B4E5DDB6}.Release|Pocket PC 2003 (ARMV4).Build.0 = Release-1.1-Fixed-2700G|Pocket PC 2003 (ARMV4)
		{BD74CB17-B7C9-4E36-AC98-B339B4E5DDB6}.Release|Pocket PC 2003 (ARMV4).Deploy.0 = Release-1.1-Fixed-2700G|Pocket PC 2003 (ARMV4)
		{BD74CB17-B7C9-4E36-AC98-B339B4E5DDB6}.Release|Smartphone 2003 (ARMV4).ActiveCfg = Release-1.1-Fixed-2700G|Pocket PC 2003 (ARMV4)
		{BD74CB17-B7C9-4E36-AC98-B339B4E5DDB6}.Release-1.1-Fixed|Pocket PC 2003 (ARMV4).ActiveCfg = Release-1.1-Fixed|Pocket PC 2003 (ARMV4)
		{BD74CB17-B7C9-4E36-AC98-B339B4E5DDB6}.Release-1.1-Fixed|Pocket PC 2003 (ARMV4).Build.0 = Release-1.1-Fixed|Pocket PC 2003 (ARMV4)
		{BD74CB17-B7C9-4E36-AC98-B339B4E5DDB6}.Release-1.1-Fixed|Smartphone 2003 (ARMV4).ActiveCfg = Release-1.1-Fixed|Pocket PC 2003 (ARMV4)
		{BD74CB17-B7C9-4E36-AC98-B339B4E5DDB6}.Release-1.1-Fixed-2700G|Pocket PC 2003 (ARMV4).ActiveCfg = Release-1.1-Fixed-2700G|Pocket PC 2003 (ARMV4)
		{BD74CB17-B7C9-4E36-AC98-B339B4E5DDB6}.Release-1.1-Fixed-2700G|Pocket PC 2003 (ARMV4).Build.0 = Release-1.1-Fixed-2700G|Pocket PC 2003 (ARMV4)
		{BD74CB17-B7C9-4E36-AC98-B339B4E5DDB6}.Release-1.1-Fixed-2700G|Smartphone 2003 (ARMV4).ActiveCfg = Release-1.1-Fixed-2700G|Pocket PC 2003 (ARMV4)
		{BD74CB17-B7C9-4E36-AC98-B339B4E5DDB6}.Release-1.1-Fixed-Profile|Pocket PC 2003 (ARMV4).ActiveCfg = Release-1.1-Fixed-Profile|Pocket PC 2003 (ARMV4)
		{BD74CB17-B7C9-4E36-AC98-B339B4E5DDB6}.Release-1.1-Fixed-Profile|Pocket PC 2003 (ARMV4).Build.0 = Release-1.1-Fixed-Profile|Pocket PC 2003 (ARMV4)
		{BD74CB17-B7C9-4E36-AC98-B339B4E5DDB6}.Release-1.1-Fixed-Profile|Smartphone 2003 (ARMV4).ActiveCfg = Release-1.1-Fixed-Profile|Pocket PC 2003 (ARMV4)
		{BD74CB17-B7C9-4E36-AC98-B339B4E5DDB6}.Release-1.1-Float|Pocket PC 2003 (ARMV4).ActiveCfg = Release-1.1-Float|Pocket PC 2003 (ARMV4)
		{BD74CB17-B7C9-4E36-AC98-B339B4E5DDB6}.Release-1.1-Float|Pocket PC 2003 (ARMV4).Build.0 = Release-1.1-Float|Pocket PC 2003 (ARMV4)
		{BD74CB17-B7C9-4E36-AC98-B339B4E5DDB6}.Release-1.1-Float|Smartphone 2003 (ARMV4).ActiveCfg = Release-1.1-Float|Pocket PC 2003 (ARMV4)
		{6C35DF10-1B0A-4362-8DEB-B9C3C7956757}.Debug|Pocket PC 2003 (ARMV4).ActiveCfg = Debug-1.1-Float|Pocket PC 2003 (ARMV4)
		{6C35DF10-1B0A-4362-8DEB-B9C3C7956757}.Debug|Pocket PC 2003 (ARMV4).Build.0 = Debug-1.1-Float|Pocket PC 2003 (ARMV4)
		{6C35DF10-1B0A-4362-8DEB-B9C3C7956757}.Debug|Pocket PC 2003 (ARMV4).Deploy.0 = Debug-1.1-Float|Pocket PC 2003 (ARMV4)
		{6C35DF10-1B0A-4362-8DEB-B9C3C7956757}.Debug|Smartphone 2003 (ARMV4).ActiveCfg = Debug-1.1-Float|Pocket PC 2003 (ARMV4)
		{6C35DF10-1B0A-4362-8DEB-B9C3C7956757}.Debug-1.1-Fixed|Pocket PC 2003 (ARMV4).ActiveCfg = Debug-1.1-Fixed|Pocket PC 2003 (ARMV4)
		{6C35DF10-1B0A-4362-8DEB-B9C3C7956757}.Debug-1.1-Fixed|Pocket PC 2003 (ARMV4).Build.0 = Debug-1.1-Fixed|Pocket PC 2003 (ARMV4)
		{6C35DF10-1B0A-4362-8DEB-B9C3C7956757}.Debug-1.1-Fixed|Pocket PC 2003 (ARMV4).Deploy.0 = Debug-1.1-Fixed|Pocket PC 2003 (ARMV4)
		{6C35DF10-1B0A-4362-8DEB-B9C3C7956757}.Debug-1.1-Fixed|Smartphone 2003 (ARMV4).ActiveCfg = Debug-1.1-Fixed|Pocket PC 2003 (ARMV4)
		{6C35DF10-1B0A-4362-8DEB-B9C3C7956757}.Debug-1.1-Fixed-2700G|Pocket PC 2003 (ARMV4).ActiveCfg = Debug-1.1-Fixed-2700G|Pocket PC 2003 (ARMV4)
		{6C35DF10-1B0A-4362-8DEB-B9C3C7956757}.Debug-1.1-Fixed-2700G|Pocket PC 2003 (ARMV4).Build.0 = Debug-1.1-Fixed-2700G|Pocket PC 2003 (ARMV4)
		{6C35DF10-1B0A-4362-8DEB-B9C3C7956757}.Debug-1.1-Fixed-2700G|Pocket PC 2003 (ARMV4).Deploy.0 = Debug-1.1-Fixed-2700G|Pocket PC 2003 (ARMV4)
		{6C35DF10-1B0A-4362-8DEB-B9C3C7956757}.Debug-1.1-Fixed-2700G|Smartphone 2003 (ARMV4).ActiveCfg = Debug-1.1-Fixed-2700G|Pocket PC 2003 (ARMV4)
		{6C35DF10-1B0A-4362-8DEB-B9C3C7956757}.Debug-1.1-Float|Pocket PC 2003 (ARMV4).ActiveCfg = Debug-1.1-Float|Pocket PC 2003 (ARMV4)
		{6C35DF10-1B0A-4362-8DEB-B9C3C7956757}.Debug-1.1-Float|Pocket PC 2003 (ARMV4).Build.0 = Debug-1.1-Float|Pocket PC 2003 (ARMV4)
		{6C35DF10-1B0A-4362-8DEB-B9C3C7956757}.Debug-1.1-Float|Pocket PC 2003 (ARMV4).Deploy.0 = Debug-1.1-Float|Pocket PC 2003 (ARMV4)
		{6C35DF10-1B0A-4362-8DEB-B9C3C7956757}.Debug-1.1-Float|Smartphone 2003 (ARMV4).ActiveCfg = Debug-1.1-Float|Pocket PC 2003 (ARMV4)
		{6C35DF10-1B0A-4362-8DEB-B9C3C7956757}.PXA255|Pocket PC 2003 (ARMV4).ActiveCfg = Release-1.1-Float|Pocket PC 2003 (ARMV4)
		{6C35DF10-1B0A-4362-8DEB-B9C3C7956757}.PXA255|Pocket PC 2003 (ARMV4).Build.0 = Release-1.1-Float|Pocket PC 2003 (ARMV4)
		{6C35DF10-1B0A-4362-8DEB-B9C3C7956757}.PXA255|Pocket PC 2003 (ARMV4).Deploy.0 = Release-1.1-Float|Pocket PC 2003 (ARMV4)
		{6C35DF10-1B0A-4362-8DEB-B9C3C7956757}.PXA255|Smartphone 2003 (ARMV4).ActiveCfg = Release-1.1-Float|Pocket PC 2003 (ARMV4)
		{6C35DF10-1B0A-4362-8DEB-B9C3C7956757}.PXA270|Pocket PC 2003 (ARMV4).ActiveCfg = Release-1.1-Float|Pocket PC 2003 (ARMV4)
		{6C35DF10-1B0A-4362-8DEB-B9C3C7956757}.PXA270|Pocket PC 2003 (ARMV4).Build.0 = Release-1.1-Float|Pocket PC 2003 (ARMV4)
		{6C35DF10-1B0A-4362-8DEB-B9C3C7956757}.PXA270|Pocket PC 2003 (ARMV4).Deploy.0 = Release-1.1-Float|Pocket PC 2003 (ARMV4)
		{6C35DF10-1B0A-4362-8DEB-B9C3C7956757}.PXA270|Smartphone 2003 (ARMV4).ActiveCfg = Release-1.1-Float|Pocket PC 2003 (ARMV4)
		{6C35DF10-1B0A-4362-8DEB-B9C3C7956757}.Release|Pocket PC 2003 (ARMV4).ActiveCfg = Release-1.1-Float|Pocket PC 2003 (ARMV4)
		{6C35DF10-1B0A-4362-8DEB-B9C3C7956757}.Release|Pocket PC 2003 (ARMV4).Build.0 = Release-1.1-Float|Pocket PC 2003 (ARMV4)
		{6C35DF10-1B0A-4362-8DEB-B9C3C7956757}.Release|Pocket PC 2003 (ARMV4).Deploy.0 = Release-1.1-Float|Pocket PC 2003 (ARMV4)
		{6C35DF10-1B0A-4362-8DEB-B9C3C7956757}.Release|Smartphone 2003 (ARMV4).ActiveCfg = Release-1.1-Float|Pocket PC 2003 (ARMV4)
		{6C35DF10-1B0A-4362-8DEB-B9C3C7956757}.Release-1.1-Fixed|Pocket PC 2003 (ARMV4).ActiveCfg = Release-1.1-Fixed|Pocket PC 2003 (ARMV4)
		{6C35DF10-1B0A-4362-8DEB-B9C3C7956757}.Release-1.1-Fixed|Pocket PC 2003 (ARMV4).Build.0 = Release-1.1-Fixed|Pocket PC 2003 (ARMV4)
		{6C35DF10-1B0A-4362-8DEB-B9C3C7956757}.Release-1.1-Fixed|Pocket PC 2003 (ARMV4).Deploy.0 = Release-1.1-Fixed|Pocket PC 2003 (ARMV4)
		{6C35DF10-1B0A-4362-8DEB-B9C3C7956757}.Release-1.1-Fixed|Smartphone 2003 (ARMV4).ActiveCfg = Release-1.1-Fixed|Pocket PC 2003 (ARMV4)
		{6C35DF10-1B0A-4362-8DEB-B9C3C7956757}.Release-1.1-Fixed-2700G|Pocket PC 2003 (ARMV4).ActiveCfg = Release-1.1-Fixed-2700G|Pocket PC 2003 (ARMV4)
		{6C35DF10-1B0A-4362-8DEB-B9C3C7956757}.Release-1.1-Fixed-2700G|Pocket PC 2003 (ARMV4).Build.0 = Release-1.1-Fixed-2700G|Pocket PC 2003 (ARMV4)
		{6C35DF10-1B0A-4362-8DEB-B9C3C7956757}.Release-1.1-Fixed-2700G|Pocket PC 2003 (ARMV4).Deploy.0 = Release-1.1-Fixed-2700G|Pocket PC 2003 (ARMV4)
		{6C35DF10-1B0A-4362-8DEB-B9C3C7956757}.Release-1.1-Fixed-2700G|Smartphone 2003 (ARMV4).ActiveCfg = Release-1.1-Fixed-2700G|Pocket PC 2003 (ARMV4)
		{6C35DF10-1B0A-4362-8DEB-B9C3C7956757}.Release-1.1-Fixed-Profile|Pocket PC 2003 (ARMV4).ActiveCfg = Release-1.1-Fixed-Profile|Pocket PC 2003 (ARMV4)
		{6C35DF10-1B0A-4362-8DEB-B9C3C7956757}.Release-1.1-Fixed-Profile|Pocket PC 2003 (ARMV4).Build.0 = Release-1.1-Fixed-Profile|Pocket PC 2003 (ARMV4)
		{6C35DF10-1B0A-4362-8DEB-B9C3C7956757}.Release-1.1-Fixed-Profile|Pocket PC 2003 (ARMV4).Deploy.0 = Release-1.1-Fixed-Profile|Pocket PC 2003 (ARMV4)
		{6C35DF10-1B0A-4362-8DEB-B9C3C7956757}.Release-1.1-Fixed-Profile|Smartphone 2003 (ARMV4).ActiveCfg = Release-1.1-Fixed-Profile|Pocket PC 2003 (ARMV4)
		{6C35DF10-1B0A-4362-8DEB-B9C3C7956757}.Release-1.1-Float|Pocket PC 2003 (ARMV4).ActiveCfg = Release-1.1-Float|Pocket PC 2003 (ARMV4)
		{6C35DF10-1B0A-4362-8DEB-B9C3C7956757}.Release-1.1-Float|Pocket PC 2003 (ARMV4).Build.0 = Release-1.1-Float|Pocket PC 2003 (ARMV4)
		{6C35DF10-1B0A-4362-8DEB-B9C3C7956757}.Release-1.1-Float|Pocket PC 2003 (ARMV4).Deploy.0 = Release-1.1-Float|Pocket PC 2003 (ARMV4)
		{6C35DF10-1B0A-4362-8DEB-B9C3C7956757}.Release-1.1-Float|Smartphone 2003 (ARMV4).ActiveCfg = Release-1.1-Float|Pocket PC 2003 (ARMV4)
		{20838D81-D003-4E7B-AD03-7612BCD8838A}.Debug|Pocket PC 2003 (ARMV4).ActiveCfg = Debug-1.1-Fixed-2700G|Pocket PC 2003 (ARMV4)
		{20838D81-D003-4E7B-AD03-7612BCD8838A}.Debug|Pocket PC 2003 (ARMV4).Build.0 = Debug-1.1-Fixed-2700G|Pocket PC 2003 (ARMV4)
		{20838D81-D003-4E7B-AD03-7612BCD8838A}.Debug|Pocket PC 2003 (ARMV4).Deploy.0 = Debug-1.1-Fixed-2700G|Pocket PC 2003 (ARMV4)
		{20838D81-D003-4E7B-AD03-7612BCD8838A}.Debug|Smartphone 2003 (ARMV4).ActiveCfg = Debug-1.1-Fixed-2700G|Pocket PC 2003 (ARMV4)
		{20838D81-D003-4E7B-AD03-7612BCD8838A}.Debug-1.1-Fixed|Pocket PC 2003 (ARMV4).ActiveCfg = Debug-1.1-Fixed|Pocket PC 2003 (ARMV4)
		{20838D81-D003-4E7B-AD03-7612BCD8838A}.Debug-1.1-Fixed|Pocket PC 2003 (ARMV4).Build.0 = Debug-1.1-Fixed|Pocket PC 2003 (ARMV4)
		{20838D81-D003-4E7B-AD03-7612BCD8838A}.Debug-1.1-Fixed|Pocket PC 2003 (ARMV4).Deploy.0 = Debug-1.1-Fixed|Pocket PC 2003 (ARMV4)
		{20838D81-D003-4E7B-AD03-7612BCD8838A}.Debug-1.1-Fixed|Smartphone 2003 (ARMV4).ActiveCfg = Debug-1.1-Fixed|Pocket PC 2003 (ARMV4)
		{20838D81-D003-4E7B-AD03-7612BCD8838A}.Debug-1.1-Fixed-2700G|Pocket PC 2003 (ARMV4).ActiveCfg = Debug-1.1-Fixed-2700G|Pocket PC 2003 (ARMV4)
		{20838D81-D003-4E7B-AD03-7612BCD8838A}.Debug-1.1-Fixed-2700G|Pocket PC 2003 (ARMV4).Build.0 = Debug-1.1-Fixed-2700G|Pocket PC 2003 (ARMV4)
		{20838D81-D003-4E7B-AD03-7612BCD8838A}.Debug-1.1-Fixed-2700G|Pocket PC 2003 (ARMV4).Deploy.0 = Debug-1.1-Fixed-2700G|Pocket PC 2003 (ARMV4)
		{20838D81-D003-4E7B-AD03-7612BCD8838A}.Debug-1.1-Fixed-2700G|Smartphone 2003 (ARMV4).ActiveCfg = Debug-1.1-Fixed-2700G|Pocket PC 2003 (ARMV4)
		{20838D81-D003-4E7B-AD03-7612BCD8838A}.Debug-1.1-Float|Pocket PC 2003 (ARMV4).ActiveCfg = Debug-1.1-Float|Pocket PC 2003 (ARMV4)
		{20838D81-D003-4E7B-AD03-7612BCD8838A}.Debug-1.1-Float|Pocket PC 2003 (ARMV4).Build.0 = Debug-1.1-Float|Pocket PC 2003 (ARMV4)
		{20838D81-D003-4E7B-AD03-7612BCD8838A}.Debug-1.1-Float|Pocket PC 2003 (ARMV4).Deploy.0 = Debug-1.1-Float|Pocket PC 2003 (ARMV4)
		{20838D81-D003-4E7B-AD03-7612BCD8838A}.Debug-1.1-Float|Smartphone 2003 (ARMV4).ActiveCfg = Debug-1.1-Float|Pocket PC 2003 (ARMV4)
		{20838D81-D003-4E7B-AD03-7612BCD8838A}.PXA255|Pocket PC 2003 (ARMV4).ActiveCfg = Release-1.1-Float|Pocket PC 2003 (ARMV4)
		{20838D81-D003-4E7B-AD03-7612BCD8838A}.PXA255|Pocket PC 2003 (ARMV4).Build.0 = Release-1.1-Float|Pocket PC 2003 (ARMV4)
		{20838D81-D003-4E7B-AD03-7612BCD8838A}.PXA255|Pocket PC 2003 (ARMV4).Deploy.0 = Release-1.1-Float|Pocket PC 2003 (ARMV4)
		{20838D81-D003-4E7B-AD03-7612BCD8838A}.PXA255|Smartphone 2003 (ARMV4).ActiveCfg = Release-1.1-Float|Pocket PC 2003 (ARMV4)
		{20838D81-D003-4E7B-AD03-7612BCD8838A}.PXA270|Pocket PC 2003 (ARMV4).ActiveCfg = Release-1.1-Float|Pocket PC 2003 (ARMV4)
		{20838D81-D003-4E7B-AD03-7612BCD8838A}.PXA270|Pocket PC 2003 (ARMV4).Build.0 = Release-1.1-Float|Pocket PC 2003 (ARMV4)
		{20838D81-D003-4E7B-AD03-7612BCD8838A}.PXA270|Pocket PC 2003 (ARMV4).Deploy.0 = Release-1.1-Float|Pocket PC 2003 (ARMV4)
		{20838D81-D003-4E7B-AD03-7612BCD8838A}.PXA270|Smartphone 2003 (ARMV4).ActiveCfg = Release-1.1-Float|Pocket PC 2003 (ARMV4)
		{20838D81-D003-4E7B-AD03-7612BCD8838A}.Release|Pocket PC 2003 (ARMV4).ActiveCfg = Release-1.1-Float|Pocket PC 2003 (ARMV4)
		{20838D81-D003-4E7B-AD03-7612BCD8838A}.Release|Pocket PC 2003 (ARMV4).Build.0 = Release-1.1-Float|Pocket PC 2003 (ARMV4)
		{20838D81-D003-4E7B-AD03-7612BCD8838A}.Release|Pocket PC 2003 (ARMV4).Deploy.0 = Release-1.1-Float|Pocket PC 2003 (ARMV4)
		{20838D81-D003-4E7B-AD03-7612BCD8838A}.Release|Smartphone 2003 (ARMV4).ActiveCfg = Release-1.1-Float|Pocket PC 2003 (ARMV4)
		{20838D81-D003-4E7B-AD03-7612BCD8838A}.Release-1.1-Fixed|Pocket PC 2003 (ARMV4).ActiveCfg = Release-1.1-Fixed|Pocket PC 2003 (ARMV4)
		{20838D81-D003-4E7B-AD03-7612BCD8838A}.Release-1.1-Fixed|Pocket PC 2003 (ARMV4).Build.0 = Release-1.1-Fixed|Pocket PC 2003 (ARMV4)
		{20838D81-D003-4E7B-AD03-7612BCD8838A}.Release-1.1-Fixed|Pocket PC 2003 (ARMV4).Deploy.0 = Release-1.1-Fixed|Pocket PC 2003 (ARMV4)
		{20838D81-D003-4E7B-AD03-7612BCD8838A}.Release-1.1-Fixed|Smartphone 2003 (ARMV4).ActiveCfg = Release-1.1-Fixed|Pocket PC 2003 (ARMV4)
		{20838D81-D003-4E7B-AD03-7612BCD8838A}.Release-1.1-Fixed-2700G|Pocket PC 2003 (ARMV4).ActiveCfg = Release-1.1-Fixed-2700G|Pocket PC 2003 (ARMV4)
		{20838D81-D003-4E7B-AD03-7612BCD8838A}.Release-1.1-Fixed-2700G|Pocket PC 2003 (ARMV4).Build.0 = Release-1.1-Fixed-2700G|Pocket PC 2003 (ARMV4)
		{20838D81-D003-4E7B-AD03-7612BCD8838A}.Release-1.1-Fixed-2700G|Pocket PC 2003 (ARMV4).Deploy.0 = Release-1.1-Fixed-2700G|Pocket PC 2003 (ARMV4)
		{20838D81-D003-4E7B-AD03-7612BCD8838A}.Release-1.1-Fixed-2700G|Smartphone 2003 (ARMV4).ActiveCfg = Release-1.1-Fixed-2700G|Pocket PC 2003 (ARMV4)
		{20838D81-D003-4E7B-AD03-7612BCD8838A}.Release-1.1-Fixed-Profile|Pocket PC 2003 (ARMV4).ActiveCfg = Release-1.1-Fixed-Profile|Pocket PC 2003 (ARMV4)
		{20838D81-D003-4E7B-AD03-7612BCD8838A}.Release-1.1-Fixed-Profile|Pocket PC 2003 (ARMV4).Build.0 = Release-1.1-Fixed-Profile|Pocket PC 2003 (ARMV4)
		{20838D81-D003-4E7B-AD03-7612BCD8838A}.Release-1.1-Fixed-Profile|Pocket PC 2003 (ARMV4).Deploy.0 = Release-1.1-Fixed-Profile|Pocket PC 2003 (ARMV4)
		{20838D81-D003-4E7B-AD03-7612BCD8838A}.Release-1.1-Fixed-Profile|Smartphone 2003 (ARMV4).ActiveCfg = Release-1.1-Fixed-Profile|Pocket PC 2003 (ARMV4)
		{20838D81-D003-4E7B-AD03-7612BCD8838A}.Release-1.1-Float|Pocket PC 2003 (ARMV4).ActiveCfg = Release-1.1-Float|Pocket PC 2003 (ARMV4)
		{20838D81-D003-4E7B-AD03-7612BCD8838A}.Release-1.1-Float|Pocket PC 2003 (ARMV4).Build.0 = Release-1.1-Float|Pocket PC 2003 (ARMV4)
		{20838D81-D003-4E7B-AD03-7612BCD8838A}.Release-1.1-Float|Pocket PC 2003 (ARMV4).Deploy.0 = Release-1.1-Float|Pocket PC 2003 (ARMV4)
		{20838D81-D003-4E7B-AD03-7612BCD8838A}.Release-1.1-Float|Smartphone 2003 (ARMV4).ActiveCfg = Release-1.1-Float|Pocket PC 2003 (ARMV4)
		{0F41B469-05A7-4C7B-834A-8A6D81EB90A5}.Debug|Pocket PC 2003 (ARMV4).ActiveCfg = Debug-1.1-Float|Pocket PC 2003 (ARMV4)
		{0F41B469-05A7-4C7B-834A-8A6D81EB90A5}.Debug|Pocket PC 2003 (ARMV4).Build.0 = Debug-1.1-Float|Pocket PC 2003 (ARMV4)
		{0F41B469-05A7-4C7B-834A-8A6D81EB90A5}.Debug|Pocket PC 2003 (ARMV4).Deploy.0 = Debug-1.1-Float|Pocket PC 2003 (ARMV4)
		{0F41B469-05A7-4C7B-834A-8A6D81EB90A5}.Debug|Smartphone 2003 (ARMV4).ActiveCfg = Debug-1.1-Float|Pocket PC 2003 (ARMV4)
		{0F41B469-05A7-4C7B-834A-8A6D81EB90A5}.Debug-1.1-Fixed|Pocket PC 2003 (ARMV4).ActiveCfg = Debug-1.1-Fixed|Pocket PC 2003 (ARMV4)
		{0F41B469-05A7-4C7B-834A-8A6D81EB90A5}.Debug-1.1-Fixed|Pocket PC 2003 (ARMV4).Build.0 = Debug-1.1-Fixed|Pocket PC 2003 (ARMV4)
		{0F41B469-05A7-4C7B-834A-8A6D81EB90A5}.Debug-1.1-Fixed|Pocket PC 2003 (ARMV4).Deploy.0 = Debug-1.1-Fixed|Pocket PC 2003 (ARMV4)
		{0F41B469-05A7-4C7B-834A-8A6D81EB90A5}.Debug-1.1-Fixed|Smartphone 2003 (ARMV4).ActiveCfg = Debug-1.1-Fixed|Pocket PC 2003 (ARMV4)
		{0F41B469-05A7-4C7B-834A-8A6D81EB90A5}.Debug-1.1-Fixed-2700G|Pocket PC 2003 (ARMV4).ActiveCfg = Debug-1.1-Fixed-2700G|Pocket PC 2003 (ARMV4)
		{0F41B469-05A7-4C7B-834A-8A6D81EB90A5}.Debug-1.1-Fixed-2700G|Pocket PC 2003 (ARMV4).Build.0 = Debug-1.1-Fixed-2700G|Pocket PC 2003 (ARMV4)
		{0F41B469-05A7-4C7B-834A-8A6D81EB90A5}.Debug-1.1-Fixed-2700G|Pocket PC 2003 (ARMV4).Deploy.0 = Debug-1.1-Fixed-2700G|Pocket PC 2003 (ARMV4)
		{0F41B469-05A7-4C7B-834A-8A6D81EB90A5}.Debug-1.1-Fixed-2700G|Smartphone 2003 (ARMV4).ActiveCfg = Debug-1.1-Fixed-2700G|Pocket PC 2003 (ARMV4)
		{0F41B469-05A7-4C7B-834A-8A6D81EB90A5}.Debug-1.1-Float|Pocket PC 2003 (ARMV4).ActiveCfg = Debug-1.1-Float|Pocket PC 2003 (ARMV4)
		{0F41B469-05A7-4C7B-834A-8A6D81EB90A5}.Debug-1.1-Float|Pocket PC 2003 (ARMV4).Build.0 = Debug-1.1-Float|Pocket PC 2003 (ARMV4)
		{0F41B469-05A7-4C7B-834A-8A6D81EB90A5}.Debug-1.1-Float|Pocket PC 2003 (ARMV4).Deploy.0 = Debug-1.1-Float|Pocket PC 2003 (ARMV4)
		{0F41B469-05A7-4C7B-834A-8A6D81EB90A5}.Debug-1.1-Float|Smartphone 2003 (ARMV4).ActiveCfg = Debug-1.1-Float|Pocket PC 2003 (ARMV4)
		{0F41B469-05A7-4C7B-834A-8A6D81EB90A5}.PXA255|Pocket PC 2003 (ARMV4).ActiveCfg = Release-1.1-Float|Pocket PC 2003 (ARMV4)
		{0F41B469-05A7-4C7B-834A-8A6D81EB90A5}.PXA255|Pocket PC 2003 (ARMV4).Build.0 = Release-1.1-Float|Pocket PC 2003 (ARMV4)
		{0F41B469-05A7-4C7B-834A-8A6D81EB90A5}.PXA255|Pocket PC 2003 (ARMV4).Deploy.0 = Release-1.1-Float|Pocket PC 2003 (ARMV4)
		{0F41B469-05A7-4C7B-834A-8A6D81EB90A5}.PXA255|Smartphone 2003 (ARMV4).ActiveCfg = Release-1.1-Float|Pocket PC 2003 (ARMV4)
		{0F41B469-05A7-4C7B-834A-8A6D81EB90A5}.PXA270|Pocket PC 2003 (ARMV4).ActiveCfg = Release-1.1-Float|Pocket PC 2003 (ARMV4)
		{0F41B469-05A7-4C7B-834A-8A6D81EB90A5}.PXA270|Pocket PC 2003 (ARMV4).Build.0 = Release-1.1-Float|Pocket PC 2003 (ARMV4)
		{0F41B469-05A7-4C7B-834A-8A6D81EB90A5}.PXA270|Pocket PC 2003 (ARMV4).Deploy.0 = Release-1.1-Float|Pocket PC 2003 (ARMV4)
		{0F41B469-05A7-4C7B-834A-8A6D81EB90A5}.PXA270|Smartphone 2003 (ARMV4).ActiveCfg = Release-1.1-Float|Pocket PC 2003 (ARMV4)
		{0F41B469-05A7-4C7B-834A-8A6D81EB90A5}.Release|Pocket PC 2003 (ARMV4).ActiveCfg = Release-1.1-Float|Pocket PC 2003 (ARMV4)
		{0F41B469-05A7-4C7B-834A-8A6D81EB90A5}.Release|Pocket PC 2003 (ARMV4).Build.0 = Release-1.1-Float|Pocket PC 2003 (ARMV4)
		{0F41B469-05A7-4C7B-834A-8A6D81EB90A5}.Release|Pocket PC 2003 (ARMV4).Deploy.0 = Release-1.1-Float|Pocket PC 2003 (ARMV4)
		{0F41B469-05A7-4C7B-834A-8A6D81EB90A5}.Release|Smartphone 2003 (ARMV4).ActiveCfg = Release-1.1-Float|Pocket PC 2003 (ARMV4)
		{0F41B469-05A7-4C7B-834A-8A6D81EB90A5}.Release-1.1-Fixed|Pocket PC 2003 (ARMV4).ActiveCfg = Release-1.1-Fixed|Pocket PC 2003 (ARMV4)
		{0F41B469-05A7-4C7B-834A-8A6D81EB90A5}.Release-1.1-Fixed|Pocket PC 2003 (ARMV4).Build.0 = Release-1.1-Fixed|Pocket PC 2003 (ARMV4)
		{0F41B469-05A7-4C7B-834A-8A6D81EB90A5}.Release-1.1-Fixed|Pocket PC 2003 (ARMV4).Deploy.0 = Release-1.1-Fixed|Pocket PC 2003 (ARMV4)
		{0F41B469-05A7-4C7B-834A-8A6D81EB90A5}.Release-1.1-Fixed|Smartphone 2003 (ARMV4).ActiveCfg = Release-1.1-Fixed|Pocket PC 2003 (ARMV4)
		{0F41B469-05A7-4C7B-834A-8A6D81EB90A5}.Release-1.1-Fixed-2700G|Pocket PC 2003 (ARMV4).ActiveCfg = Release-1.1-Fixed-2700G|Pocket PC 2003 (ARMV4)
		{0F41B469-05A7-4C7B-834A-8A6D81EB90A5}.Release-1.1-Fixed-2700G|Pocket PC 2003 (ARMV4).Build.0 = Release-1.1-Fixed-2700G|Pocket PC 2003 (ARMV4)
		{0F41B469-05A7-4C7B-834A-8A6D81EB90A5}.Release-1.1-Fixed-2700G|Pocket PC 2003 (ARMV4).Deploy.0 = Release-1.1-Fixed-2700G|Pocket PC 2003 (ARMV4)
		{0F41B469-05A7-4C7B-834A-8A6D81EB90A5}.Release-1.1-Fixed-2700G|Smartphone 2003 (ARMV4).ActiveCfg = Release-1.1-Fixed-2700G|Pocket PC 2003 (ARMV4)
		{0F41B469-05A7-4C7B-834A-8A6D81EB90A5}.Release-1.1-Fixed-Profile|Pocket PC 2003 (ARMV4).ActiveCfg = Release-1.1-Fixed-Profile|Pocket PC 2003 (ARMV4)
		{0F41B469-05A7-4C7B-834A-8A6D81EB90A5}.Release-1.1-Fixed-Profile|Pocket PC 2003 (ARMV4).Build.0 = Release-1.1-Fixed-Profile|Pocket PC 2003 (ARMV4)
		{0F41B469-05A7-4C7B-834A-8A6D81EB90A5}.Release-1.1-Fixed-Profile|Pocket PC 2003 (ARMV4).Deploy.0 = Release-1.1-Fixed-Profile|Pocket PC 2003 (ARMV4)
		{0F41B469-05A7-4C7B-834A-8A6D81EB90A5}.Release-1.1-Fixed-Profile|Smartphone 2003 (ARMV4).ActiveCfg = Release-1.1-Fixed-Profile|Pocket PC 2003 (ARMV4)
		{0F41B469-05A7-4C7B-834A-8A6D81EB90A5}.Release-1.1-Float|Pocket PC 2003 (ARMV4).ActiveCfg = Release-1.1-Float|Pocket PC 2003 (ARMV4)
		{0F41B469-05A7-4C7B-834A-8A6D81EB90A5}.Release-1.1-Float|Pocket PC 2003 (ARMV4).Build.0 = Release-1.1-Float|Pocket PC 2003 (ARMV4)
		{0F41B469-05A7-4C7B-834A-8A6D81EB90A5}.Release-1.1-Float|Pocket PC 2003 (ARMV4).Deploy.0 = Release-1.1-Float|Pocket PC 2003 (ARMV4)
		{0F41B469-05A7-4C7B-834A-8A6D81EB90A5}.Release-1.1-Float|Smartphone 2003 (ARMV4).ActiveCfg = Release-1.1-Float|Pocket PC 2003 (ARMV4)
	EndGlobalSection
	GlobalSection(SolutionProperties) = preSolution
		HideSolutionNode = FALSE
	EndGlobalSection
EndGlobal
